
Microsoft Visual Studio Solution File, Format Version 12.00
# Visual Studio 14
VisualStudioVersion = 14.0.25420.1
MinimumVisualStudioVersion = 10.0.40219.1
Project("{FAE04EC0-301F-11D3-BF4B-00C04F79EFBC}") = "ElEmegi.Eticaret.UI.WEB", "ElEmegi.Eticaret.UI.WEB\ElEmegi.Eticaret.UI.WEB.csproj", "{06F157AA-BA9A-4A0B-92FE-01C85362E1D3}"
EndProject
Project("{FAE04EC0-301F-11D3-BF4B-00C04F79EFBC}") = "ElEmegi.Eticaret.Core.Model", "ElEmegi.Eticaret.Core.Model\ElEmegi.Eticaret.Core.Model.csproj", "{B4954E48-F54C-4B7E-A900-60A2F77657A8}"
EndProject
Project("{2150E333-8FDC-42A3-9474-1A3956D46DE8}") = "version2", "version2", "{03ED62FD-0173-4DA7-BBB8-46CF6625522B}"
EndProject
Project("{FAE04EC0-301F-11D3-BF4B-00C04F79EFBC}") = "ElEmegi.Ecommerce.Web.UI", "ElEmegi.Ecommerce.Web.UI\ElEmegi.Ecommerce.Web.UI.csproj", "{8B9E1151-DE24-4092-8D42-A452D2A9D27F}"
EndProject
Project("{FAE04EC0-301F-11D3-BF4B-00C04F79EFBC}") = "ElEmegi.Ecommerce.Web.UI.Tests", "ElEmegi.Ecommerce.Web.UI.Tests\ElEmegi.Ecommerce.Web.UI.Tests.csproj", "{6110577D-5B49-4F4D-A02B-6B853FD73688}"
EndProject
Project("{2150E333-8FDC-42A3-9474-1A3956D46DE8}") = "version1", "version1", "{60F61071-66DE-46D5-89AA-15C41635A489}"
EndProject
Project("{FAE04EC0-301F-11D3-BF4B-00C04F79EFBC}") = "ElEmegi.Ecommerce.API", "ElEmegi.Ecommerce.API\ElEmegi.Ecommerce.API.csproj", "{2AFE5966-00E0-48E4-9739-8BD397335D3F}"
EndProject
Project("{FAE04EC0-301F-11D3-BF4B-00C04F79EFBC}") = "ElEmegi.Ecommerce.Model", "ElEmegi.Ecommerce.Model\ElEmegi.Ecommerce.Model.csproj", "{53C88250-EB54-41D3-B061-4304E23D240B}"
EndProject
Global
	GlobalSection(SolutionConfigurationPlatforms) = preSolution
		Debug|Any CPU = Debug|Any CPU
		Release|Any CPU = Release|Any CPU
	EndGlobalSection
	GlobalSection(ProjectConfigurationPlatforms) = postSolution
		{06F157AA-BA9A-4A0B-92FE-01C85362E1D3}.Debug|Any CPU.ActiveCfg = Debug|Any CPU
		{06F157AA-BA9A-4A0B-92FE-01C85362E1D3}.Debug|Any CPU.Build.0 = Debug|Any CPU
		{06F157AA-BA9A-4A0B-92FE-01C85362E1D3}.Release|Any CPU.ActiveCfg = Release|Any CPU
		{06F157AA-BA9A-4A0B-92FE-01C85362E1D3}.Release|Any CPU.Build.0 = Release|Any CPU
		{B4954E48-F54C-4B7E-A900-60A2F77657A8}.Debug|Any CPU.ActiveCfg = Debug|Any CPU
		{B4954E48-F54C-4B7E-A900-60A2F77657A8}.Debug|Any CPU.Build.0 = Debug|Any CPU
		{B4954E48-F54C-4B7E-A900-60A2F77657A8}.Release|Any CPU.ActiveCfg = Release|Any CPU
		{B4954E48-F54C-4B7E-A900-60A2F77657A8}.Release|Any CPU.Build.0 = Release|Any CPU
		{8B9E1151-DE24-4092-8D42-A452D2A9D27F}.Debug|Any CPU.ActiveCfg = Debug|Any CPU
		{8B9E1151-DE24-4092-8D42-A452D2A9D27F}.Debug|Any CPU.Build.0 = Debug|Any CPU
		{8B9E1151-DE24-4092-8D42-A452D2A9D27F}.Release|Any CPU.ActiveCfg = Release|Any CPU
		{8B9E1151-DE24-4092-8D42-A452D2A9D27F}.Release|Any CPU.Build.0 = Release|Any CPU
		{6110577D-5B49-4F4D-A02B-6B853FD73688}.Debug|Any CPU.ActiveCfg = Debug|Any CPU
		{6110577D-5B49-4F4D-A02B-6B853FD73688}.Debug|Any CPU.Build.0 = Debug|Any CPU
		{6110577D-5B49-4F4D-A02B-6B853FD73688}.Release|Any CPU.ActiveCfg = Release|Any CPU
		{6110577D-5B49-4F4D-A02B-6B853FD73688}.Release|Any CPU.Build.0 = Release|Any CPU
		{2AFE5966-00E0-48E4-9739-8BD397335D3F}.Debug|Any CPU.ActiveCfg = Debug|Any CPU
		{2AFE5966-00E0-48E4-9739-8BD397335D3F}.Debug|Any CPU.Build.0 = Debug|Any CPU
		{2AFE5966-00E0-48E4-9739-8BD397335D3F}.Release|Any CPU.ActiveCfg = Release|Any CPU
		{2AFE5966-00E0-48E4-9739-8BD397335D3F}.Release|Any CPU.Build.0 = Release|Any CPU
		{53C88250-EB54-41D3-B061-4304E23D240B}.Debug|Any CPU.ActiveCfg = Debug|Any CPU
		{53C88250-EB54-41D3-B061-4304E23D240B}.Debug|Any CPU.Build.0 = Debug|Any CPU
		{53C88250-EB54-41D3-B061-4304E23D240B}.Release|Any CPU.ActiveCfg = Release|Any CPU
		{53C88250-EB54-41D3-B061-4304E23D240B}.Release|Any CPU.Build.0 = Release|Any CPU
	EndGlobalSection
	GlobalSection(SolutionProperties) = preSolution
		HideSolutionNode = FALSE
	EndGlobalSection
	GlobalSection(NestedProjects) = preSolution
		{06F157AA-BA9A-4A0B-92FE-01C85362E1D3} = {60F61071-66DE-46D5-89AA-15C41635A489}
		{B4954E48-F54C-4B7E-A900-60A2F77657A8} = {60F61071-66DE-46D5-89AA-15C41635A489}
		{8B9E1151-DE24-4092-8D42-A452D2A9D27F} = {03ED62FD-0173-4DA7-BBB8-46CF6625522B}
		{6110577D-5B49-4F4D-A02B-6B853FD73688} = {03ED62FD-0173-4DA7-BBB8-46CF6625522B}
		{2AFE5966-00E0-48E4-9739-8BD397335D3F} = {03ED62FD-0173-4DA7-BBB8-46CF6625522B}
		{53C88250-EB54-41D3-B061-4304E23D240B} = {03ED62FD-0173-4DA7-BBB8-46CF6625522B}
	EndGlobalSection
EndGlobal
